// !$*UTF8*$!
{
	archiveVersion = 1;
	classes = {
	};
	objectVersion = 77;
	objects = {

/* Begin PBXBuildFile section */
		911FD0752ED7D50D00A85368 /* taglib in Frameworks */ = {isa = PBXBuildFile; productRef = 911FD0742ED7D50D00A85368 /* taglib */; };
/* End PBXBuildFile section */

/* Begin PBXContainerItemProxy section */
		91B625CF2ED4E64E001DF417 /* PBXContainerItemProxy */ = {
			isa = PBXContainerItemProxy;
			containerPortal = 91B625B92ED4E64C001DF417 /* Project object */;
			proxyType = 1;
			remoteGlobalIDString = 91B625C02ED4E64C001DF417;
			remoteInfo = Ecoute;
		};
		91B625D92ED4E64E001DF417 /* PBXContainerItemProxy */ = {
			isa = PBXContainerItemProxy;
			containerPortal = 91B625B92ED4E64C001DF417 /* Project object */;
			proxyType = 1;
			remoteGlobalIDString = 91B625C02ED4E64C001DF417;
			remoteInfo = Ecoute;
		};
/* End PBXContainerItemProxy section */

/* Begin PBXFileReference section */
		91B625C12ED4E64C001DF417 /* Écoute.app */ = {isa = PBXFileReference; explicitFileType = wrapper.application; includeInIndex = 0; name = "Écoute.app"; path = Ecoute.app; sourceTree = BUILT_PRODUCTS_DIR; };
		91B625CE2ED4E64E001DF417 /* EcouteTests.xctest */ = {isa = PBXFileReference; explicitFileType = wrapper.cfbundle; includeInIndex = 0; path = EcouteTests.xctest; sourceTree = BUILT_PRODUCTS_DIR; };
		91B625D82ED4E64E001DF417 /* EcouteUITests.xctest */ = {isa = PBXFileReference; explicitFileType = wrapper.cfbundle; includeInIndex = 0; path = EcouteUITests.xctest; sourceTree = BUILT_PRODUCTS_DIR; };
/* End PBXFileReference section */

/* Begin PBXFileSystemSynchronizedRootGroup section */
		91B625C32ED4E64C001DF417 /* Ecoute */ = {
			isa = PBXFileSystemSynchronizedRootGroup;
			path = Ecoute;
			sourceTree = "<group>";
		};
		91B625D12ED4E64E001DF417 /* EcouteTests */ = {
			isa = PBXFileSystemSynchronizedRootGroup;
			path = EcouteTests;
			sourceTree = "<group>";
		};
		91B625DB2ED4E64E001DF417 /* EcouteUITests */ = {
			isa = PBXFileSystemSynchronizedRootGroup;
			path = EcouteUITests;
			sourceTree = "<group>";
		};
/* End PBXFileSystemSynchronizedRootGroup section */

/* Begin PBXFrameworksBuildPhase section */
		91B625BE2ED4E64C001DF417 /* Frameworks */ = {
			isa = PBXFrameworksBuildPhase;
			buildActionMask = 2147483647;
			files = (
				911FD0752ED7D50D00A85368 /* taglib in Frameworks */,
			);
			runOnlyForDeploymentPostprocessing = 0;
		};
		91B625CB2ED4E64E001DF417 /* Frameworks */ = {
			isa = PBXFrameworksBuildPhase;
			buildActionMask = 2147483647;
			files = (
			);
			runOnlyForDeploymentPostprocessing = 0;
		};
		91B625D52ED4E64E001DF417 /* Frameworks */ = {
			isa = PBXFrameworksBuildPhase;
			buildActionMask = 2147483647;
			files = (
			);
			runOnlyForDeploymentPostprocessing = 0;
		};
/* End PBXFrameworksBuildPhase section */

/* Begin PBXGroup section */
		911FD0732ED7D50D00A85368 /* Frameworks */ = {
			isa = PBXGroup;
			children = (
			);
			name = Frameworks;
			sourceTree = "<group>";
		};
		91B625B82ED4E64C001DF417 = {
			isa = PBXGroup;
			children = (
				91B625C32ED4E64C001DF417 /* Ecoute */,
				91B625D12ED4E64E001DF417 /* EcouteTests */,
				91B625DB2ED4E64E001DF417 /* EcouteUITests */,
				911FD0732ED7D50D00A85368 /* Frameworks */,
				91B625C22ED4E64C001DF417 /* Products */,
			);
			sourceTree = "<group>";
		};
		91B625C22ED4E64C001DF417 /* Products */ = {
			isa = PBXGroup;
			children = (
				91B625C12ED4E64C001DF417 /* Écoute.app */,
				91B625CE2ED4E64E001DF417 /* EcouteTests.xctest */,
				91B625D82ED4E64E001DF417 /* EcouteUITests.xctest */,
			);
			name = Products;
			sourceTree = "<group>";
		};
/* End PBXGroup section */

/* Begin PBXNativeTarget section */
		91B625C02ED4E64C001DF417 /* Ecoute */ = {
			isa = PBXNativeTarget;
			buildConfigurationList = 91B625E22ED4E64E001DF417 /* Build configuration list for PBXNativeTarget "Ecoute" */;
			buildPhases = (
				91B625BD2ED4E64C001DF417 /* Sources */,
				91B625BE2ED4E64C001DF417 /* Frameworks */,
				91B625BF2ED4E64C001DF417 /* Resources */,
			);
			buildRules = (
			);
			dependencies = (
				911FD0722ED7D4D700A85368 /* PBXTargetDependency */,
			);
			fileSystemSynchronizedGroups = (
				91B625C32ED4E64C001DF417 /* Ecoute */,
			);
			name = Ecoute;
			packageProductDependencies = (
				911FD0742ED7D50D00A85368 /* taglib */,
			);
			productName = Ecoute;
			productReference = 91B625C12ED4E64C001DF417 /* Écoute.app */;
			productType = "com.apple.product-type.application";
		};
		91B625CD2ED4E64E001DF417 /* EcouteTests */ = {
			isa = PBXNativeTarget;
			buildConfigurationList = 91B625E52ED4E64E001DF417 /* Build configuration list for PBXNativeTarget "EcouteTests" */;
			buildPhases = (
				91B625CA2ED4E64E001DF417 /* Sources */,
				91B625CB2ED4E64E001DF417 /* Frameworks */,
				91B625CC2ED4E64E001DF417 /* Resources */,
			);
			buildRules = (
			);
			dependencies = (
				91B625D02ED4E64E001DF417 /* PBXTargetDependency */,
			);
			fileSystemSynchronizedGroups = (
				91B625D12ED4E64E001DF417 /* EcouteTests */,
			);
			name = EcouteTests;
			packageProductDependencies = (
			);
			productName = EcouteTests;
			productReference = 91B625CE2ED4E64E001DF417 /* EcouteTests.xctest */;
			productType = "com.apple.product-type.bundle.unit-test";
		};
		91B625D72ED4E64E001DF417 /* EcouteUITests */ = {
			isa = PBXNativeTarget;
			buildConfigurationList = 91B625E82ED4E64E001DF417 /* Build configuration list for PBXNativeTarget "EcouteUITests" */;
			buildPhases = (
				91B625D42ED4E64E001DF417 /* Sources */,
				91B625D52ED4E64E001DF417 /* Frameworks */,
				91B625D62ED4E64E001DF417 /* Resources */,
			);
			buildRules = (
			);
			dependencies = (
				91B625DA2ED4E64E001DF417 /* PBXTargetDependency */,
			);
			fileSystemSynchronizedGroups = (
				91B625DB2ED4E64E001DF417 /* EcouteUITests */,
			);
			name = EcouteUITests;
			packageProductDependencies = (
			);
			productName = EcouteUITests;
			productReference = 91B625D82ED4E64E001DF417 /* EcouteUITests.xctest */;
			productType = "com.apple.product-type.bundle.ui-testing";
		};
/* End PBXNativeTarget section */

/* Begin PBXProject section */
		91B625B92ED4E64C001DF417 /* Project object */ = {
			isa = PBXProject;
			attributes = {
				BuildIndependentTargetsInParallel = 1;
				LastSwiftUpdateCheck = 2600;
				LastUpgradeCheck = 2600;
				TargetAttributes = {
					91B625C02ED4E64C001DF417 = {
						CreatedOnToolsVersion = 26.0;
					};
					91B625CD2ED4E64E001DF417 = {
						CreatedOnToolsVersion = 26.0;
						TestTargetID = 91B625C02ED4E64C001DF417;
					};
					91B625D72ED4E64E001DF417 = {
						CreatedOnToolsVersion = 26.0;
						TestTargetID = 91B625C02ED4E64C001DF417;
					};
				};
			};
			buildConfigurationList = 91B625BC2ED4E64C001DF417 /* Build configuration list for PBXProject "Ecoute" */;
			developmentRegion = en;
			hasScannedForEncodings = 0;
			knownRegions = (
				en,
				Base,
			);
			mainGroup = 91B625B82ED4E64C001DF417;
			minimizedProjectReferenceProxies = 1;
			packageReferences = (
				911FD0702ED7C6A800A85368 /* XCRemoteSwiftPackageReference "CXXTagLib" */,
			);
			preferredProjectObjectVersion = 77;
			productRefGroup = 91B625C22ED4E64C001DF417 /* Products */;
			projectDirPath = "";
			projectRoot = "";
			targets = (
				91B625C02ED4E64C001DF417 /* Ecoute */,
				91B625CD2ED4E64E001DF417 /* EcouteTests */,
				91B625D72ED4E64E001DF417 /* EcouteUITests */,
			);
		};
/* End PBXProject section */

/* Begin PBXResourcesBuildPhase section */
		91B625BF2ED4E64C001DF417 /* Resources */ = {
			isa = PBXResourcesBuildPhase;
			buildActionMask = 2147483647;
			files = (
			);
			runOnlyForDeploymentPostprocessing = 0;
		};
		91B625CC2ED4E64E001DF417 /* Resources */ = {
			isa = PBXResourcesBuildPhase;
			buildActionMask = 2147483647;
			files = (
			);
			runOnlyForDeploymentPostprocessing = 0;
		};
		91B625D62ED4E64E001DF417 /* Resources */ = {
			isa = PBXResourcesBuildPhase;
			buildActionMask = 2147483647;
			files = (
			);
			runOnlyForDeploymentPostprocessing = 0;
		};
/* End PBXResourcesBuildPhase section */

/* Begin PBXSourcesBuildPhase section */
		91B625BD2ED4E64C001DF417 /* Sources */ = {
			isa = PBXSourcesBuildPhase;
			buildActionMask = 2147483647;
			files = (
			);
			runOnlyForDeploymentPostprocessing = 0;
		};
		91B625CA2ED4E64E001DF417 /* Sources */ = {
			isa = PBXSourcesBuildPhase;
			buildActionMask = 2147483647;
			files = (
			);
			runOnlyForDeploymentPostprocessing = 0;
		};
		91B625D42ED4E64E001DF417 /* Sources */ = {
			isa = PBXSourcesBuildPhase;
			buildActionMask = 2147483647;
			files = (
			);
			runOnlyForDeploymentPostprocessing = 0;
		};
/* End PBXSourcesBuildPhase section */

/* Begin PBXTargetDependency section */
		911FD0722ED7D4D700A85368 /* PBXTargetDependency */ = {
			isa = PBXTargetDependency;
			productRef = 911FD0712ED7D4D700A85368 /* taglib */;
		};
		91B625D02ED4E64E001DF417 /* PBXTargetDependency */ = {
			isa = PBXTargetDependency;
			target = 91B625C02ED4E64C001DF417 /* Ecoute */;
			targetProxy = 91B625CF2ED4E64E001DF417 /* PBXContainerItemProxy */;
		};
		91B625DA2ED4E64E001DF417 /* PBXTargetDependency */ = {
			isa = PBXTargetDependency;
			target = 91B625C02ED4E64C001DF417 /* Ecoute */;
			targetProxy = 91B625D92ED4E64E001DF417 /* PBXContainerItemProxy */;
		};
/* End PBXTargetDependency section */

/* Begin XCBuildConfiguration section */
		91B625E02ED4E64E001DF417 /* Debug */ = {
			isa = XCBuildConfiguration;
			buildSettings = {
				ALWAYS_SEARCH_USER_PATHS = NO;
				ASSETCATALOG_COMPILER_GENERATE_SWIFT_ASSET_SYMBOL_EXTENSIONS = YES;
				CLANG_ANALYZER_NONNULL = YES;
				CLANG_ANALYZER_NUMBER_OBJECT_CONVERSION = YES_AGGRESSIVE;
				CLANG_CXX_LANGUAGE_STANDARD = "gnu++20";
				CLANG_ENABLE_MODULES = YES;
				CLANG_ENABLE_OBJC_ARC = YES;
				CLANG_ENABLE_OBJC_WEAK = YES;
				CLANG_WARN_BLOCK_CAPTURE_AUTORELEASING = YES;
				CLANG_WARN_BOOL_CONVERSION = YES;
				CLANG_WARN_COMMA = YES;
				CLANG_WARN_CONSTANT_CONVERSION = YES;
				CLANG_WARN_DEPRECATED_OBJC_IMPLEMENTATIONS = YES;
				CLANG_WARN_DIRECT_OBJC_ISA_USAGE = YES_ERROR;
				CLANG_WARN_DOCUMENTATION_COMMENTS = YES;
				CLANG_WARN_EMPTY_BODY = YES;
				CLANG_WARN_ENUM_CONVERSION = YES;
				CLANG_WARN_INFINITE_RECURSION = YES;
				CLANG_WARN_INT_CONVERSION = YES;
				CLANG_WARN_NON_LITERAL_NULL_CONVERSION = YES;
				CLANG_WARN_OBJC_IMPLICIT_RETAIN_SELF = YES;
				CLANG_WARN_OBJC_LITERAL_CONVERSION = YES;
				CLANG_WARN_OBJC_ROOT_CLASS = YES_ERROR;
				CLANG_WARN_QUOTED_INCLUDE_IN_FRAMEWORK_HEADER = YES;
				CLANG_WARN_RANGE_LOOP_ANALYSIS = YES;
				CLANG_WARN_STRICT_PROTOTYPES = YES;
				CLANG_WARN_SUSPICIOUS_MOVE = YES;
				CLANG_WARN_UNGUARDED_AVAILABILITY = YES_AGGRESSIVE;
				CLANG_WARN_UNREACHABLE_CODE = YES;
				CLANG_WARN__DUPLICATE_METHOD_MATCH = YES;
				COPY_PHASE_STRIP = NO;
				DEBUG_INFORMATION_FORMAT = dwarf;
				DEVELOPMENT_TEAM = 55TTUBZ2FH;
				ENABLE_STRICT_OBJC_MSGSEND = YES;
				ENABLE_TESTABILITY = YES;
				ENABLE_USER_SCRIPT_SANDBOXING = YES;
				GCC_C_LANGUAGE_STANDARD = gnu17;
				GCC_DYNAMIC_NO_PIC = NO;
				GCC_NO_COMMON_BLOCKS = YES;
				GCC_OPTIMIZATION_LEVEL = 0;
				GCC_PREPROCESSOR_DEFINITIONS = (
					"DEBUG=1",
					"$(inherited)",
				);
				GCC_WARN_64_TO_32_BIT_CONVERSION = YES;
				GCC_WARN_ABOUT_RETURN_TYPE = YES_ERROR;
				GCC_WARN_UNDECLARED_SELECTOR = YES;
				GCC_WARN_UNINITIALIZED_AUTOS = YES_AGGRESSIVE;
				GCC_WARN_UNUSED_FUNCTION = YES;
				GCC_WARN_UNUSED_VARIABLE = YES;
				LOCALIZATION_PREFERS_STRING_CATALOGS = YES;
				MACOSX_DEPLOYMENT_TARGET = 26.0;
				MTL_ENABLE_DEBUG_INFO = INCLUDE_SOURCE;
				MTL_FAST_MATH = YES;
				ONLY_ACTIVE_ARCH = YES;
				SDKROOT = macosx;
				SWIFT_ACTIVE_COMPILATION_CONDITIONS = "DEBUG $(inherited)";
				SWIFT_OPTIMIZATION_LEVEL = "-Onone";
			};
			name = Debug;
		};
		91B625E12ED4E64E001DF417 /* Release */ = {
			isa = XCBuildConfiguration;
			buildSettings = {
				ALWAYS_SEARCH_USER_PATHS = NO;
				ASSETCATALOG_COMPILER_GENERATE_SWIFT_ASSET_SYMBOL_EXTENSIONS = YES;
				CLANG_ANALYZER_NONNULL = YES;
				CLANG_ANALYZER_NUMBER_OBJECT_CONVERSION = YES_AGGRESSIVE;
				CLANG_CXX_LANGUAGE_STANDARD = "gnu++20";
				CLANG_ENABLE_MODULES = YES;
				CLANG_ENABLE_OBJC_ARC = YES;
				CLANG_ENABLE_OBJC_WEAK = YES;
				CLANG_WARN_BLOCK_CAPTURE_AUTORELEASING = YES;
				CLANG_WARN_BOOL_CONVERSION = YES;
				CLANG_WARN_COMMA = YES;
				CLANG_WARN_CONSTANT_CONVERSION = YES;
				CLANG_WARN_DEPRECATED_OBJC_IMPLEMENTATIONS = YES;
				CLANG_WARN_DIRECT_OBJC_ISA_USAGE = YES_ERROR;
				CLANG_WARN_DOCUMENTATION_COMMENTS = YES;
				CLANG_WARN_EMPTY_BODY = YES;
				CLANG_WARN_ENUM_CONVERSION = YES;
				CLANG_WARN_INFINITE_RECURSION = YES;
				CLANG_WARN_INT_CONVERSION = YES;
				CLANG_WARN_NON_LITERAL_NULL_CONVERSION = YES;
				CLANG_WARN_OBJC_IMPLICIT_RETAIN_SELF = YES;
				CLANG_WARN_OBJC_LITERAL_CONVERSION = YES;
				CLANG_WARN_OBJC_ROOT_CLASS = YES_ERROR;
				CLANG_WARN_QUOTED_INCLUDE_IN_FRAMEWORK_HEADER = YES;
				CLANG_WARN_RANGE_LOOP_ANALYSIS = YES;
				CLANG_WARN_STRICT_PROTOTYPES = YES;
				CLANG_WARN_SUSPICIOUS_MOVE = YES;
				CLANG_WARN_UNGUARDED_AVAILABILITY = YES_AGGRESSIVE;
				CLANG_WARN_UNREACHABLE_CODE = YES;
				CLANG_WARN__DUPLICATE_METHOD_MATCH = YES;
				COPY_PHASE_STRIP = NO;
				DEBUG_INFORMATION_FORMAT = "dwarf-with-dsym";
				DEVELOPMENT_TEAM = 55TTUBZ2FH;
				ENABLE_NS_ASSERTIONS = NO;
				ENABLE_STRICT_OBJC_MSGSEND = YES;
				ENABLE_USER_SCRIPT_SANDBOXING = YES;
				GCC_C_LANGUAGE_STANDARD = gnu17;
				GCC_NO_COMMON_BLOCKS = YES;
				GCC_WARN_64_TO_32_BIT_CONVERSION = YES;
				GCC_WARN_ABOUT_RETURN_TYPE = YES_ERROR;
				GCC_WARN_UNDECLARED_SELECTOR = YES;
				GCC_WARN_UNINITIALIZED_AUTOS = YES_AGGRESSIVE;
				GCC_WARN_UNUSED_FUNCTION = YES;
				GCC_WARN_UNUSED_VARIABLE = YES;
				LOCALIZATION_PREFERS_STRING_CATALOGS = YES;
				MACOSX_DEPLOYMENT_TARGET = 26.0;
				MTL_ENABLE_DEBUG_INFO = NO;
				MTL_FAST_MATH = YES;
				SDKROOT = macosx;
				SWIFT_COMPILATION_MODE = wholemodule;
			};
			name = Release;
		};
		91B625E32ED4E64E001DF417 /* Debug */ = {
			isa = XCBuildConfiguration;
			buildSettings = {
				ASSETCATALOG_COMPILER_APPICON_NAME = ecoute;
				ASSETCATALOG_COMPILER_GLOBAL_ACCENT_COLOR_NAME = AccentColor;
				ASSETCATALOG_COMPILER_INCLUDE_ALL_APPICON_ASSETS = NO;
				CODE_SIGN_STYLE = Automatic;
				COMBINE_HIDPI_IMAGES = YES;
				CURRENT_PROJECT_VERSION = 1;
				DEVELOPMENT_TEAM = 55TTUBZ2FH;
				ENABLE_APP_SANDBOX = YES;
				ENABLE_HARDENED_RUNTIME = YES;
				ENABLE_INCOMING_NETWORK_CONNECTIONS = NO;
				ENABLE_OUTGOING_NETWORK_CONNECTIONS = YES;
				ENABLE_PREVIEWS = YES;
				ENABLE_RESOURCE_ACCESS_AUDIO_INPUT = NO;
				ENABLE_RESOURCE_ACCESS_BLUETOOTH = NO;
				ENABLE_RESOURCE_ACCESS_CALENDARS = NO;
				ENABLE_RESOURCE_ACCESS_CAMERA = NO;
				ENABLE_RESOURCE_ACCESS_CONTACTS = NO;
				ENABLE_RESOURCE_ACCESS_LOCATION = NO;
				ENABLE_RESOURCE_ACCESS_PRINTING = NO;
				ENABLE_RESOURCE_ACCESS_USB = NO;
				ENABLE_USER_SELECTED_FILES = readonly;
				GENERATE_INFOPLIST_FILE = NO;
				INFOPLIST_FILE = Info.plist;
				LD_RUNPATH_SEARCH_PATHS = (
					"$(inherited)",
					"@executable_path/../Frameworks",
				);
				MARKETING_VERSION = 1.0;
				PRODUCT_BUNDLE_IDENTIFIER = com.bennettzug.Ecoute;
				PRODUCT_NAME = "$(TARGET_NAME)";
				REGISTER_APP_GROUPS = YES;
				STRING_CATALOG_GENERATE_SYMBOLS = YES;
				SWIFT_APPROACHABLE_CONCURRENCY = YES;
				SWIFT_DEFAULT_ACTOR_ISOLATION = MainActor;
				SWIFT_EMIT_LOC_STRINGS = YES;
				SWIFT_UPCOMING_FEATURE_MEMBER_IMPORT_VISIBILITY = YES;
				SWIFT_VERSION = 5.0;
			};
			name = Debug;
		};
		91B625E42ED4E64E001DF417 /* Release */ = {
			isa = XCBuildConfiguration;
			buildSettings = {
				ASSETCATALOG_COMPILER_APPICON_NAME = ecoute;
				ASSETCATALOG_COMPILER_GLOBAL_ACCENT_COLOR_NAME = AccentColor;
				ASSETCATALOG_COMPILER_INCLUDE_ALL_APPICON_ASSETS = NO;
				CODE_SIGN_STYLE = Automatic;
				COMBINE_HIDPI_IMAGES = YES;
				CURRENT_PROJECT_VERSION = 1;
				DEVELOPMENT_TEAM = 55TTUBZ2FH;
				ENABLE_APP_SANDBOX = YES;
				ENABLE_HARDENED_RUNTIME = YES;
				ENABLE_INCOMING_NETWORK_CONNECTIONS = NO;
				ENABLE_OUTGOING_NETWORK_CONNECTIONS = YES;
				ENABLE_PREVIEWS = YES;
				ENABLE_RESOURCE_ACCESS_AUDIO_INPUT = NO;
				ENABLE_RESOURCE_ACCESS_BLUETOOTH = NO;
				ENABLE_RESOURCE_ACCESS_CALENDARS = NO;
				ENABLE_RESOURCE_ACCESS_CAMERA = NO;
				ENABLE_RESOURCE_ACCESS_CONTACTS = NO;
				ENABLE_RESOURCE_ACCESS_LOCATION = NO;
				ENABLE_RESOURCE_ACCESS_PRINTING = NO;
				ENABLE_RESOURCE_ACCESS_USB = NO;
				ENABLE_USER_SELECTED_FILES = readonly;
				GENERATE_INFOPLIST_FILE = NO;
				INFOPLIST_FILE = Info.plist;
				LD_RUNPATH_SEARCH_PATHS = (
					"$(inherited)",
					"@executable_path/../Frameworks",
				);
				MARKETING_VERSION = 1.0;
				PRODUCT_BUNDLE_IDENTIFIER = com.bennettzug.Ecoute;
				PRODUCT_NAME = "$(TARGET_NAME)";
				REGISTER_APP_GROUPS = YES;
				STRING_CATALOG_GENERATE_SYMBOLS = YES;
				SWIFT_APPROACHABLE_CONCURRENCY = YES;
				SWIFT_DEFAULT_ACTOR_ISOLATION = MainActor;
				SWIFT_EMIT_LOC_STRINGS = YES;
				SWIFT_UPCOMING_FEATURE_MEMBER_IMPORT_VISIBILITY = YES;
				SWIFT_VERSION = 5.0;
			};
			name = Release;
		};
		91B625E62ED4E64E001DF417 /* Debug */ = {
			isa = XCBuildConfiguration;
			buildSettings = {
				BUNDLE_LOADER = "$(TEST_HOST)";
				CODE_SIGN_STYLE = Automatic;
				CURRENT_PROJECT_VERSION = 1;
				DEVELOPMENT_TEAM = 55TTUBZ2FH;
				GENERATE_INFOPLIST_FILE = YES;
				MACOSX_DEPLOYMENT_TARGET = 26.0;
				MARKETING_VERSION = 1.0;
				PRODUCT_BUNDLE_IDENTIFIER = com.bennettzug.EcouteTests;
				PRODUCT_NAME = "$(TARGET_NAME)";
				STRING_CATALOG_GENERATE_SYMBOLS = NO;
				SWIFT_APPROACHABLE_CONCURRENCY = YES;
				SWIFT_EMIT_LOC_STRINGS = NO;
				SWIFT_UPCOMING_FEATURE_MEMBER_IMPORT_VISIBILITY = YES;
				SWIFT_VERSION = 5.0;
				TEST_HOST = "$(BUILT_PRODUCTS_DIR)/Ecoute.app/$(BUNDLE_EXECUTABLE_FOLDER_PATH)/Ecoute";
			};
			name = Debug;
		};
		91B625E72ED4E64E001DF417 /* Release */ = {
			isa = XCBuildConfiguration;
			buildSettings = {
				BUNDLE_LOADER = "$(TEST_HOST)";
				CODE_SIGN_STYLE = Automatic;
				CURRENT_PROJECT_VERSION = 1;
				DEVELOPMENT_TEAM = 55TTUBZ2FH;
				GENERATE_INFOPLIST_FILE = YES;
				MACOSX_DEPLOYMENT_TARGET = 26.0;
				MARKETING_VERSION = 1.0;
				PRODUCT_BUNDLE_IDENTIFIER = com.bennettzug.EcouteTests;
				PRODUCT_NAME = "$(TARGET_NAME)";
				STRING_CATALOG_GENERATE_SYMBOLS = NO;
				SWIFT_APPROACHABLE_CONCURRENCY = YES;
				SWIFT_EMIT_LOC_STRINGS = NO;
				SWIFT_UPCOMING_FEATURE_MEMBER_IMPORT_VISIBILITY = YES;
				SWIFT_VERSION = 5.0;
				TEST_HOST = "$(BUILT_PRODUCTS_DIR)/Ecoute.app/$(BUNDLE_EXECUTABLE_FOLDER_PATH)/Ecoute";
			};
			name = Release;
		};
		91B625E92ED4E64E001DF417 /* Debug */ = {
			isa = XCBuildConfiguration;
			buildSettings = {
				CODE_SIGN_STYLE = Automatic;
				CURRENT_PROJECT_VERSION = 1;
				DEVELOPMENT_TEAM = 55TTUBZ2FH;
				GENERATE_INFOPLIST_FILE = YES;
				MARKETING_VERSION = 1.0;
				PRODUCT_BUNDLE_IDENTIFIER = com.bennettzug.EcouteUITests;
				PRODUCT_NAME = "$(TARGET_NAME)";
				STRING_CATALOG_GENERATE_SYMBOLS = NO;
				SWIFT_APPROACHABLE_CONCURRENCY = YES;
				SWIFT_EMIT_LOC_STRINGS = NO;
				SWIFT_UPCOMING_FEATURE_MEMBER_IMPORT_VISIBILITY = YES;
				SWIFT_VERSION = 5.0;
				TEST_TARGET_NAME = Ecoute;
			};
			name = Debug;
		};
		91B625EA2ED4E64E001DF417 /* Release */ = {
			isa = XCBuildConfiguration;
			buildSettings = {
				CODE_SIGN_STYLE = Automatic;
				CURRENT_PROJECT_VERSION = 1;
				DEVELOPMENT_TEAM = 55TTUBZ2FH;
				GENERATE_INFOPLIST_FILE = YES;
				MARKETING_VERSION = 1.0;
				PRODUCT_BUNDLE_IDENTIFIER = com.bennettzug.EcouteUITests;
				PRODUCT_NAME = "$(TARGET_NAME)";
				STRING_CATALOG_GENERATE_SYMBOLS = NO;
				SWIFT_APPROACHABLE_CONCURRENCY = YES;
				SWIFT_EMIT_LOC_STRINGS = NO;
				SWIFT_UPCOMING_FEATURE_MEMBER_IMPORT_VISIBILITY = YES;
				SWIFT_VERSION = 5.0;
				TEST_TARGET_NAME = Ecoute;
			};
			name = Release;
		};
/* End XCBuildConfiguration section */

/* Begin XCConfigurationList section */
		91B625BC2ED4E64C001DF417 /* Build configuration list for PBXProject "Ecoute" */ = {
			isa = XCConfigurationList;
			buildConfigurations = (
				91B625E02ED4E64E001DF417 /* Debug */,
				91B625E12ED4E64E001DF417 /* Release */,
			);
			defaultConfigurationIsVisible = 0;
			defaultConfigurationName = Release;
		};
		91B625E22ED4E64E001DF417 /* Build configuration list for PBXNativeTarget "Ecoute" */ = {
			isa = XCConfigurationList;
			buildConfigurations = (
				91B625E32ED4E64E001DF417 /* Debug */,
				91B625E42ED4E64E001DF417 /* Release */,
			);
			defaultConfigurationIsVisible = 0;
			defaultConfigurationName = Release;
		};
		91B625E52ED4E64E001DF417 /* Build configuration list for PBXNativeTarget "EcouteTests" */ = {
			isa = XCConfigurationList;
			buildConfigurations = (
				91B625E62ED4E64E001DF417 /* Debug */,
				91B625E72ED4E64E001DF417 /* Release */,
			);
			defaultConfigurationIsVisible = 0;
			defaultConfigurationName = Release;
		};
		91B625E82ED4E64E001DF417 /* Build configuration list for PBXNativeTarget "EcouteUITests" */ = {
			isa = XCConfigurationList;
			buildConfigurations = (
				91B625E92ED4E64E001DF417 /* Debug */,
				91B625EA2ED4E64E001DF417 /* Release */,
			);
			defaultConfigurationIsVisible = 0;
			defaultConfigurationName = Release;
		};
/* End XCConfigurationList section */

/* Begin XCRemoteSwiftPackageReference section */
		911FD0702ED7C6A800A85368 /* XCRemoteSwiftPackageReference "CXXTagLib" */ = {
			isa = XCRemoteSwiftPackageReference;
			repositoryURL = "https://github.com/sbooth/CXXTagLib.git";
			requirement = {
				kind = upToNextMajorVersion;
				minimumVersion = 2.1.1;
			};
		};
/* End XCRemoteSwiftPackageReference section */

/* Begin XCSwiftPackageProductDependency section */
		911FD0712ED7D4D700A85368 /* taglib */ = {
			isa = XCSwiftPackageProductDependency;
			package = 911FD0702ED7C6A800A85368 /* XCRemoteSwiftPackageReference "CXXTagLib" */;
			productName = taglib;
		};
		911FD0742ED7D50D00A85368 /* taglib */ = {
			isa = XCSwiftPackageProductDependency;
			package = 911FD0702ED7C6A800A85368 /* XCRemoteSwiftPackageReference "CXXTagLib" */;
			productName = taglib;
		};
/* End XCSwiftPackageProductDependency section */
	};
	rootObject = 91B625B92ED4E64C001DF417 /* Project object */;
}
